
Microsoft Visual Studio Solution File, Format Version 12.00
# Visual Studio Version 17
VisualStudioVersion = 17.14.36401.2 d17.14
MinimumVisualStudioVersion = 10.0.40219.1
Project("{FAE04EC0-301F-11D3-BF4B-00C04F79EFBC}") = "FileAnalyzerWithForm", "FileAnalyzerWithForm\FileAnalyzerWithForm.csproj", "{4AE0BE84-9AC6-47DE-92DC-6174BA850838}"
EndProject
Global
	GlobalSection(SolutionConfigurationPlatforms) = preSolution
		Debug|Any CPU = Debug|Any CPU
		Release|Any CPU = Release|Any CPU
	EndGlobalSection
	GlobalSection(ProjectConfigurationPlatforms) = postSolution
		{4AE0BE84-9AC6-47DE-92DC-6174BA850838}.Debug|Any CPU.ActiveCfg = Debug|Any CPU
		{4AE0BE84-9AC6-47DE-92DC-6174BA850838}.Debug|Any CPU.Build.0 = Debug|Any CPU
		{4AE0BE84-9AC6-47DE-92DC-6174BA850838}.Release|Any CPU.ActiveCfg = Release|Any CPU
		{4AE0BE84-9AC6-47DE-92DC-6174BA850838}.Release|Any CPU.Build.0 = Release|Any CPU
	EndGlobalSection
	GlobalSection(SolutionProperties) = preSolution
		HideSolutionNode = FALSE
	EndGlobalSection
	GlobalSection(ExtensibilityGlobals) = postSolution
		SolutionGuid = {28647AC0-D658-4D03-A49B-F3BFC9D98CF0}
	EndGlobalSection
EndGlobal
